
Microsoft Visual Studio Solution File, Format Version 12.00
# Visual Studio Version 17
VisualStudioVersion = 17.2.32616.157
MinimumVisualStudioVersion = 10.0.40219.1
Project("{FAE04EC0-301F-11D3-BF4B-00C04F79EFBC}") = "txtbased", "txtbased\txtbased.csproj", "{22996728-5BD8-4523-AC97-1BEFC184EFDF}"
EndProject
Global
	GlobalSection(SolutionConfigurationPlatforms) = preSolution
		Debug|Any CPU = Debug|Any CPU
		Release|Any CPU = Release|Any CPU
	EndGlobalSection
	GlobalSection(ProjectConfigurationPlatforms) = postSolution
		{22996728-5BD8-4523-AC97-1BEFC184EFDF}.Debug|Any CPU.ActiveCfg = Debug|Any CPU
		{22996728-5BD8-4523-AC97-1BEFC184EFDF}.Debug|Any CPU.Build.0 = Debug|Any CPU
		{22996728-5BD8-4523-AC97-1BEFC184EFDF}.Release|Any CPU.ActiveCfg = Release|Any CPU
		{22996728-5BD8-4523-AC97-1BEFC184EFDF}.Release|Any CPU.Build.0 = Release|Any CPU
	EndGlobalSection
	GlobalSection(SolutionProperties) = preSolution
		HideSolutionNode = FALSE
	EndGlobalSection
	GlobalSection(ExtensibilityGlobals) = postSolution
		SolutionGuid = {00CC14B6-05E0-41FA-B8FA-ABEC0D645333}
	EndGlobalSection
EndGlobal
